
Microsoft Visual Studio Solution File, Format Version 12.00
# Visual Studio Version 16
VisualStudioVersion = 16.0.31702.278
MinimumVisualStudioVersion = 10.0.40219.1
Project("{FAE04EC0-301F-11D3-BF4B-00C04F79EFBC}") = "FileOrganizer", "ImageBatchMover\FileOrganizer.csproj", "{A9BAF968-601D-4BB2-A258-802F3A9A2542}"
EndProject
Global
	GlobalSection(SolutionConfigurationPlatforms) = preSolution
		Debug|Any CPU = Debug|Any CPU
		Release|Any CPU = Release|Any CPU
	EndGlobalSection
	GlobalSection(ProjectConfigurationPlatforms) = postSolution
		{A9BAF968-601D-4BB2-A258-802F3A9A2542}.Debug|Any CPU.ActiveCfg = Debug|Any CPU
		{A9BAF968-601D-4BB2-A258-802F3A9A2542}.Debug|Any CPU.Build.0 = Debug|Any CPU
		{A9BAF968-601D-4BB2-A258-802F3A9A2542}.Release|Any CPU.ActiveCfg = Release|Any CPU
		{A9BAF968-601D-4BB2-A258-802F3A9A2542}.Release|Any CPU.Build.0 = Release|Any CPU
	EndGlobalSection
	GlobalSection(SolutionProperties) = preSolution
		HideSolutionNode = FALSE
	EndGlobalSection
	GlobalSection(ExtensibilityGlobals) = postSolution
		SolutionGuid = {6606551C-D6B9-47F8-9C0B-D652DB8908EA}
	EndGlobalSection
EndGlobal
